
Microsoft Visual Studio Solution File, Format Version 11.00
# Visual Studio 2010
Project("{8BC9CEB8-8B4A-11D0-8D11-00A0C91BC942}") = "hapticVF", "hapticVF\hapticVF.vcxproj", "{E97EFF5F-A299-47D1-BB07-13EE567D3817}"
EndProject
Global
	GlobalSection(SolutionConfigurationPlatforms) = preSolution
		Debug|Win32 = Debug|Win32
		Release|Win32 = Release|Win32
	EndGlobalSection
	GlobalSection(ProjectConfigurationPlatforms) = postSolution
		{E97EFF5F-A299-47D1-BB07-13EE567D3817}.Debug|Win32.ActiveCfg = Debug|Win32
		{E97EFF5F-A299-47D1-BB07-13EE567D3817}.Release|Win32.ActiveCfg = Release|Win32
		{E97EFF5F-A299-47D1-BB07-13EE567D3817}.Release|Win32.Build.0 = Release|Win32
	EndGlobalSection
	GlobalSection(SolutionProperties) = preSolution
		HideSolutionNode = FALSE
	EndGlobalSection
EndGlobal
